
Microsoft Visual Studio Solution File, Format Version 12.00
# Visual Studio Version 17
VisualStudioVersion = 17.9.34622.214
MinimumVisualStudioVersion = 10.0.40219.1
Project("{FAE04EC0-301F-11D3-BF4B-00C04F79EFBC}") = "ShakeTableGUI", "ShakeTableGUI\ShakeTableGUI.csproj", "{511E1A7C-21C8-4DE8-9E80-20D05240D285}"
EndProject
Global
	GlobalSection(SolutionConfigurationPlatforms) = preSolution
		Debug|Any CPU = Debug|Any CPU
		Release|Any CPU = Release|Any CPU
	EndGlobalSection
	GlobalSection(ProjectConfigurationPlatforms) = postSolution
		{511E1A7C-21C8-4DE8-9E80-20D05240D285}.Debug|Any CPU.ActiveCfg = Debug|Any CPU
		{511E1A7C-21C8-4DE8-9E80-20D05240D285}.Debug|Any CPU.Build.0 = Debug|Any CPU
		{511E1A7C-21C8-4DE8-9E80-20D05240D285}.Release|Any CPU.ActiveCfg = Release|Any CPU
		{511E1A7C-21C8-4DE8-9E80-20D05240D285}.Release|Any CPU.Build.0 = Release|Any CPU
	EndGlobalSection
	GlobalSection(SolutionProperties) = preSolution
		HideSolutionNode = FALSE
	EndGlobalSection
	GlobalSection(ExtensibilityGlobals) = postSolution
		SolutionGuid = {1F95CE04-1DD4-4A58-A19A-AA1ADFB48C73}
	EndGlobalSection
EndGlobal
